
Microsoft Visual Studio Solution File, Format Version 12.00
# Visual Studio 2012
Project("{FAE04EC0-301F-11D3-BF4B-00C04F79EFBC}") = "RSSReader", "RSSReader\RSSReader.csproj", "{D22FD769-FE7E-4EF4-9F8D-3F97CECC0665}"
EndProject
Global
	GlobalSection(SolutionConfigurationPlatforms) = preSolution
		Debug|iPhoneSimulator = Debug|iPhoneSimulator
		Release|iPhone = Release|iPhone
		Release|iPhoneSimulator = Release|iPhoneSimulator
		Debug|iPhone = Debug|iPhone
	EndGlobalSection
	GlobalSection(ProjectConfigurationPlatforms) = postSolution
		{D22FD769-FE7E-4EF4-9F8D-3F97CECC0665}.Debug|iPhone.ActiveCfg = Debug|iPhone
		{D22FD769-FE7E-4EF4-9F8D-3F97CECC0665}.Debug|iPhone.Build.0 = Debug|iPhone
		{D22FD769-FE7E-4EF4-9F8D-3F97CECC0665}.Debug|iPhoneSimulator.ActiveCfg = Debug|iPhoneSimulator
		{D22FD769-FE7E-4EF4-9F8D-3F97CECC0665}.Debug|iPhoneSimulator.Build.0 = Debug|iPhoneSimulator
		{D22FD769-FE7E-4EF4-9F8D-3F97CECC0665}.Release|iPhone.ActiveCfg = Release|iPhone
		{D22FD769-FE7E-4EF4-9F8D-3F97CECC0665}.Release|iPhone.Build.0 = Release|iPhone
		{D22FD769-FE7E-4EF4-9F8D-3F97CECC0665}.Release|iPhoneSimulator.ActiveCfg = Release|iPhoneSimulator
		{D22FD769-FE7E-4EF4-9F8D-3F97CECC0665}.Release|iPhoneSimulator.Build.0 = Release|iPhoneSimulator
	EndGlobalSection
EndGlobal
